
Microsoft Visual Studio Solution File, Format Version 12.00
# Visual Studio Version 16
VisualStudioVersion = 16.0.32929.386
MinimumVisualStudioVersion = 10.0.40219.1
Project("{FAE04EC0-301F-11D3-BF4B-00C04F79EFBC}") = "RevitAPIWallVolume", "RevitAPIWallVolume\RevitAPIWallVolume.csproj", "{88BD5C23-E33D-4E83-B935-2DE6F295FCCC}"
EndProject
Global
	GlobalSection(SolutionConfigurationPlatforms) = preSolution
		Debug|Any CPU = Debug|Any CPU
		Release|Any CPU = Release|Any CPU
	EndGlobalSection
	GlobalSection(ProjectConfigurationPlatforms) = postSolution
		{88BD5C23-E33D-4E83-B935-2DE6F295FCCC}.Debug|Any CPU.ActiveCfg = Debug|Any CPU
		{88BD5C23-E33D-4E83-B935-2DE6F295FCCC}.Debug|Any CPU.Build.0 = Debug|Any CPU
		{88BD5C23-E33D-4E83-B935-2DE6F295FCCC}.Release|Any CPU.ActiveCfg = Release|Any CPU
		{88BD5C23-E33D-4E83-B935-2DE6F295FCCC}.Release|Any CPU.Build.0 = Release|Any CPU
	EndGlobalSection
	GlobalSection(SolutionProperties) = preSolution
		HideSolutionNode = FALSE
	EndGlobalSection
	GlobalSection(ExtensibilityGlobals) = postSolution
		SolutionGuid = {8F085045-1B0A-4F0C-AF94-52E8F3378AEF}
	EndGlobalSection
EndGlobal
